
Microsoft Visual Studio Solution File, Format Version 12.00
# Visual Studio Version 17
VisualStudioVersion = 17.1.32319.34
MinimumVisualStudioVersion = 10.0.40219.1
Project("{9A19103F-16F7-4668-BE54-9A1E7A4F7556}") = "Employee.Domain", "Employee.Domain\Employee.Domain.csproj", "{F3BEF948-EF73-48C6-BD9B-44DF8F7E06BA}"
EndProject
Project("{9A19103F-16F7-4668-BE54-9A1E7A4F7556}") = "EmployeesAPI.Entities", "EmployeesAPI.Entities\EmployeesAPI.Entities.csproj", "{15098245-B240-4DA5-9A8E-724D2AD6A2F0}"
EndProject
Project("{9A19103F-16F7-4668-BE54-9A1E7A4F7556}") = "EmployeeAPI.DTOs", "EmployeeAPI.DTOs\EmployeeAPI.DTOs.csproj", "{D074B092-D604-4125-8E9D-8A2175228291}"
EndProject
Project("{9A19103F-16F7-4668-BE54-9A1E7A4F7556}") = "EmployeeAPI.Application", "EmployeeAPI.Application\EmployeeAPI.Application.csproj", "{262923EA-A8F3-4EBC-9572-CECE96C72C07}"
EndProject
Project("{9A19103F-16F7-4668-BE54-9A1E7A4F7556}") = "EmployeeAPI.Application.Interfaces", "EmployeeAPI.Application.Interfaces\EmployeeAPI.Application.Interfaces.csproj", "{FB09399C-9AF9-4D95-9014-E29A498A9525}"
EndProject
Project("{9A19103F-16F7-4668-BE54-9A1E7A4F7556}") = "EmployeeAPI.Infrastructure.DataBase", "EmployeeAPI.Infrastructure.DataBase\EmployeeAPI.Infrastructure.DataBase.csproj", "{F542257B-0E87-4873-9547-BF0AC1A2070E}"
EndProject
Project("{9A19103F-16F7-4668-BE54-9A1E7A4F7556}") = "EmployeeAPI.Contracts", "EmployeeAPI.Contracts\EmployeeAPI.Contracts.csproj", "{A8880078-39AF-4BB5-9085-AA7648013B84}"
EndProject
Project("{9A19103F-16F7-4668-BE54-9A1E7A4F7556}") = "EmployeeAPI", "EmployeeAPI\EmployeeAPI.csproj", "{E8969EC7-0B48-453F-998F-4E77DED4997E}"
EndProject
Project("{FAE04EC0-301F-11D3-BF4B-00C04F79EFBC}") = "Employee.Toolkit", "Employee.Toolkit\Employee.Toolkit.csproj", "{9E29BCF8-5EF2-494F-9262-98837CF1CCC4}"
EndProject
Global
	GlobalSection(SolutionConfigurationPlatforms) = preSolution
		Debug|Any CPU = Debug|Any CPU
		Release|Any CPU = Release|Any CPU
	EndGlobalSection
	GlobalSection(ProjectConfigurationPlatforms) = postSolution
		{F3BEF948-EF73-48C6-BD9B-44DF8F7E06BA}.Debug|Any CPU.ActiveCfg = Debug|Any CPU
		{F3BEF948-EF73-48C6-BD9B-44DF8F7E06BA}.Debug|Any CPU.Build.0 = Debug|Any CPU
		{F3BEF948-EF73-48C6-BD9B-44DF8F7E06BA}.Release|Any CPU.ActiveCfg = Release|Any CPU
		{F3BEF948-EF73-48C6-BD9B-44DF8F7E06BA}.Release|Any CPU.Build.0 = Release|Any CPU
		{15098245-B240-4DA5-9A8E-724D2AD6A2F0}.Debug|Any CPU.ActiveCfg = Debug|Any CPU
		{15098245-B240-4DA5-9A8E-724D2AD6A2F0}.Debug|Any CPU.Build.0 = Debug|Any CPU
		{15098245-B240-4DA5-9A8E-724D2AD6A2F0}.Release|Any CPU.ActiveCfg = Release|Any CPU
		{15098245-B240-4DA5-9A8E-724D2AD6A2F0}.Release|Any CPU.Build.0 = Release|Any CPU
		{D074B092-D604-4125-8E9D-8A2175228291}.Debug|Any CPU.ActiveCfg = Debug|Any CPU
		{D074B092-D604-4125-8E9D-8A2175228291}.Debug|Any CPU.Build.0 = Debug|Any CPU
		{D074B092-D604-4125-8E9D-8A2175228291}.Release|Any CPU.ActiveCfg = Release|Any CPU
		{D074B092-D604-4125-8E9D-8A2175228291}.Release|Any CPU.Build.0 = Release|Any CPU
		{262923EA-A8F3-4EBC-9572-CECE96C72C07}.Debug|Any CPU.ActiveCfg = Debug|Any CPU
		{262923EA-A8F3-4EBC-9572-CECE96C72C07}.Debug|Any CPU.Build.0 = Debug|Any CPU
		{262923EA-A8F3-4EBC-9572-CECE96C72C07}.Release|Any CPU.ActiveCfg = Release|Any CPU
		{262923EA-A8F3-4EBC-9572-CECE96C72C07}.Release|Any CPU.Build.0 = Release|Any CPU
		{FB09399C-9AF9-4D95-9014-E29A498A9525}.Debug|Any CPU.ActiveCfg = Debug|Any CPU
		{FB09399C-9AF9-4D95-9014-E29A498A9525}.Debug|Any CPU.Build.0 = Debug|Any CPU
		{FB09399C-9AF9-4D95-9014-E29A498A9525}.Release|Any CPU.ActiveCfg = Release|Any CPU
		{FB09399C-9AF9-4D95-9014-E29A498A9525}.Release|Any CPU.Build.0 = Release|Any CPU
		{F542257B-0E87-4873-9547-BF0AC1A2070E}.Debug|Any CPU.ActiveCfg = Debug|Any CPU
		{F542257B-0E87-4873-9547-BF0AC1A2070E}.Debug|Any CPU.Build.0 = Debug|Any CPU
		{F542257B-0E87-4873-9547-BF0AC1A2070E}.Release|Any CPU.ActiveCfg = Release|Any CPU
		{F542257B-0E87-4873-9547-BF0AC1A2070E}.Release|Any CPU.Build.0 = Release|Any CPU
		{A8880078-39AF-4BB5-9085-AA7648013B84}.Debug|Any CPU.ActiveCfg = Debug|Any CPU
		{A8880078-39AF-4BB5-9085-AA7648013B84}.Debug|Any CPU.Build.0 = Debug|Any CPU
		{A8880078-39AF-4BB5-9085-AA7648013B84}.Release|Any CPU.ActiveCfg = Release|Any CPU
		{A8880078-39AF-4BB5-9085-AA7648013B84}.Release|Any CPU.Build.0 = Release|Any CPU
		{E8969EC7-0B48-453F-998F-4E77DED4997E}.Debug|Any CPU.ActiveCfg = Debug|Any CPU
		{E8969EC7-0B48-453F-998F-4E77DED4997E}.Debug|Any CPU.Build.0 = Debug|Any CPU
		{E8969EC7-0B48-453F-998F-4E77DED4997E}.Release|Any CPU.ActiveCfg = Release|Any CPU
		{E8969EC7-0B48-453F-998F-4E77DED4997E}.Release|Any CPU.Build.0 = Release|Any CPU
		{9E29BCF8-5EF2-494F-9262-98837CF1CCC4}.Debug|Any CPU.ActiveCfg = Debug|Any CPU
		{9E29BCF8-5EF2-494F-9262-98837CF1CCC4}.Debug|Any CPU.Build.0 = Debug|Any CPU
		{9E29BCF8-5EF2-494F-9262-98837CF1CCC4}.Release|Any CPU.ActiveCfg = Release|Any CPU
		{9E29BCF8-5EF2-494F-9262-98837CF1CCC4}.Release|Any CPU.Build.0 = Release|Any CPU
	EndGlobalSection
	GlobalSection(SolutionProperties) = preSolution
		HideSolutionNode = FALSE
	EndGlobalSection
	GlobalSection(ExtensibilityGlobals) = postSolution
		SolutionGuid = {CC335E7E-91C6-43F8-8B08-32B040AC626F}
	EndGlobalSection
EndGlobal
